{
  "name": "ui5_bfsg_popover",
  "version": "0.2.11",
  "lockfileVersion": 3,
  "requires": true,
  "packages": {
    "": {
      "name": "ui5_bfsg_popover",
      "version": "0.2.11",
      "license": "ISC",
      "dependencies": {
        "@openui5/sap.m": "^1.131.1",
        "@openui5/sap.ui.core": "1.131.1"
      }
    },
    "node_modules/@openui5/sap.m": {
      "version": "1.131.1",
      "resolved": "https://registry.npmjs.org/@openui5/sap.m/-/sap.m-1.131.1.tgz",
      "integrity": "sha512-zi7qeqnqAPFV7zfdZumVw3zoLIGpKMak9dvWB/eBf3UZqp/IvJvYFNVI6on4Tn8wbnChLng7COZtm4/mEv1o+A==",
      "dependencies": {
        "@openui5/sap.ui.core": "1.131.1",
        "@openui5/sap.ui.layout": "1.131.1",
        "@openui5/sap.ui.unified": "1.131.1"
      }
    },
    "node_modules/@openui5/sap.ui.core": {
      "version": "1.131.1",
      "resolved": "https://registry.npmjs.org/@openui5/sap.ui.core/-/sap.ui.core-1.131.1.tgz",
      "integrity": "sha512-IGSxi5z9pvy6stP0+CQx7tz3qjvJH8CRS1MrxakwSC7dPmnCeIUoxAiey1dSWfL4Tqb8HStySArlHTWG+otxpA=="
    },
    "node_modules/@openui5/sap.ui.layout": {
      "version": "1.131.1",
      "resolved": "https://registry.npmjs.org/@openui5/sap.ui.layout/-/sap.ui.layout-1.131.1.tgz",
      "integrity": "sha512-f4RY35S4QBhwoiqG9Zt2JhROkblaeokBd7GbgnXcEpLBj72PJ/TyDs+niW3qgkjT/NSiUvahSPRZoT86Nvcv0w==",
      "dependencies": {
        "@openui5/sap.ui.core": "1.131.1"
      }
    },
    "node_modules/@openui5/sap.ui.unified": {
      "version": "1.131.1",
      "resolved": "https://registry.npmjs.org/@openui5/sap.ui.unified/-/sap.ui.unified-1.131.1.tgz",
      "integrity": "sha512-nDUZlkKpEKj3z/5nj3FHq3cswgIYHvVStSkAnrht3FMYaHeB+mUORwFqxN+yP47hfV5+RFqsCIM2xO6DsHyBxQ==",
      "dependencies": {
        "@openui5/sap.ui.core": "1.131.1"
      }
    }
  }
}
